
Microsoft Visual Studio Solution File, Format Version 12.00
# Visual Studio Version 17
VisualStudioVersion = 17.2.32630.192
MinimumVisualStudioVersion = 10.0.40219.1
Project("{FAE04EC0-301F-11D3-BF4B-00C04F79EFBC}") = "Firmovac", "Firmovac\Firmovac.csproj", "{3548FEC3-B2FA-4520-BB8B-B527EC3F3DCA}"
EndProject
Global
	GlobalSection(SolutionConfigurationPlatforms) = preSolution
		Debug|Any CPU = Debug|Any CPU
		Release|Any CPU = Release|Any CPU
	EndGlobalSection
	GlobalSection(ProjectConfigurationPlatforms) = postSolution
		{3548FEC3-B2FA-4520-BB8B-B527EC3F3DCA}.Debug|Any CPU.ActiveCfg = Debug|Any CPU
		{3548FEC3-B2FA-4520-BB8B-B527EC3F3DCA}.Debug|Any CPU.Build.0 = Debug|Any CPU
		{3548FEC3-B2FA-4520-BB8B-B527EC3F3DCA}.Release|Any CPU.ActiveCfg = Release|Any CPU
		{3548FEC3-B2FA-4520-BB8B-B527EC3F3DCA}.Release|Any CPU.Build.0 = Release|Any CPU
	EndGlobalSection
	GlobalSection(SolutionProperties) = preSolution
		HideSolutionNode = FALSE
	EndGlobalSection
	GlobalSection(ExtensibilityGlobals) = postSolution
		SolutionGuid = {2ED4B73C-A329-4754-8926-0850D7DFE472}
	EndGlobalSection
EndGlobal
